// !$*UTF8*$!
{
	archiveVersion = 1;
	classes = {
	};
	objectVersion = 48;
	objects = {

/* Begin PBXBuildFile section */
		C578324D206F702D00584A8A /* OLEModalStatus.framework in Frameworks */ = {isa = PBXBuildFile; fileRef = C578324A206F700300584A8A /* OLEModalStatus.framework */; };
		C578324E206F702D00584A8A /* OLEModalStatus.framework in Embed Frameworks */ = {isa = PBXBuildFile; fileRef = C578324A206F700300584A8A /* OLEModalStatus.framework */; settings = {ATTRIBUTES = (CodeSignOnCopy, RemoveHeadersOnCopy, ); }; };
		C57DE8A3206F6CD80002CA6D /* AppDelegate.swift in Sources */ = {isa = PBXBuildFile; fileRef = C57DE8A2206F6CD80002CA6D /* AppDelegate.swift */; };
		C57DE8A5206F6CD80002CA6D /* ViewController.swift in Sources */ = {isa = PBXBuildFile; fileRef = C57DE8A4206F6CD80002CA6D /* ViewController.swift */; };
		C57DE8A8206F6CD80002CA6D /* Main.storyboard in Resources */ = {isa = PBXBuildFile; fileRef = C57DE8A6206F6CD80002CA6D /* Main.storyboard */; };
		C57DE8AA206F6CD80002CA6D /* Assets.xcassets in Resources */ = {isa = PBXBuildFile; fileRef = C57DE8A9206F6CD80002CA6D /* Assets.xcassets */; };
		C57DE8AD206F6CD80002CA6D /* LaunchScreen.storyboard in Resources */ = {isa = PBXBuildFile; fileRef = C57DE8AB206F6CD80002CA6D /* LaunchScreen.storyboard */; };
		C57DE8B8206F6CD80002CA6D /* testTests.swift in Sources */ = {isa = PBXBuildFile; fileRef = C57DE8B7206F6CD80002CA6D /* testTests.swift */; };
/* End PBXBuildFile section */

/* Begin PBXContainerItemProxy section */
		C5783249206F700300584A8A /* PBXContainerItemProxy */ = {
			isa = PBXContainerItemProxy;
			containerPortal = C5783244206F700300584A8A /* OLEModalStatus.xcodeproj */;
			proxyType = 2;
			remoteGlobalIDString = C57DE877206F4E5E0002CA6D;
			remoteInfo = OLEModalStatus;
		};
		C578324B206F700300584A8A /* PBXContainerItemProxy */ = {
			isa = PBXContainerItemProxy;
			containerPortal = C5783244206F700300584A8A /* OLEModalStatus.xcodeproj */;
			proxyType = 2;
			remoteGlobalIDString = C57DE880206F4E5E0002CA6D;
			remoteInfo = OLEModalStatusTests;
		};
		C578324F206F702D00584A8A /* PBXContainerItemProxy */ = {
			isa = PBXContainerItemProxy;
			containerPortal = C5783244206F700300584A8A /* OLEModalStatus.xcodeproj */;
			proxyType = 1;
			remoteGlobalIDString = C57DE876206F4E5E0002CA6D;
			remoteInfo = OLEModalStatus;
		};
		C57DE8B4206F6CD80002CA6D /* PBXContainerItemProxy */ = {
			isa = PBXContainerItemProxy;
			containerPortal = C57DE897206F6CD80002CA6D /* Project object */;
			proxyType = 1;
			remoteGlobalIDString = C57DE89E206F6CD80002CA6D;
			remoteInfo = test;
		};
/* End PBXContainerItemProxy section */

/* Begin PBXCopyFilesBuildPhase section */
		C5783251206F702D00584A8A /* Embed Frameworks */ = {
			isa = PBXCopyFilesBuildPhase;
			buildActionMask = 2147483647;
			dstPath = "";
			dstSubfolderSpec = 10;
			files = (
				C578324E206F702D00584A8A /* OLEModalStatus.framework in Embed Frameworks */,
			);
			name = "Embed Frameworks";
			runOnlyForDeploymentPostprocessing = 0;
		};
/* End PBXCopyFilesBuildPhase section */

/* Begin PBXFileReference section */
		C5783244206F700300584A8A /* OLEModalStatus.xcodeproj */ = {isa = PBXFileReference; lastKnownFileType = "wrapper.pb-project"; name = OLEModalStatus.xcodeproj; path = ../OLEModalStatus/OLEModalStatus.xcodeproj; sourceTree = "<group>"; };
		C57DE89F206F6CD80002CA6D /* test.app */ = {isa = PBXFileReference; explicitFileType = wrapper.application; includeInIndex = 0; path = test.app; sourceTree = BUILT_PRODUCTS_DIR; };
		C57DE8A2206F6CD80002CA6D /* AppDelegate.swift */ = {isa = PBXFileReference; lastKnownFileType = sourcecode.swift; path = AppDelegate.swift; sourceTree = "<group>"; };
		C57DE8A4206F6CD80002CA6D /* ViewController.swift */ = {isa = PBXFileReference; lastKnownFileType = sourcecode.swift; path = ViewController.swift; sourceTree = "<group>"; };
		C57DE8A7206F6CD80002CA6D /* Base */ = {isa = PBXFileReference; lastKnownFileType = file.storyboard; name = Base; path = Base.lproj/Main.storyboard; sourceTree = "<group>"; };
		C57DE8A9206F6CD80002CA6D /* Assets.xcassets */ = {isa = PBXFileReference; lastKnownFileType = folder.assetcatalog; path = Assets.xcassets; sourceTree = "<group>"; };
		C57DE8AC206F6CD80002CA6D /* Base */ = {isa = PBXFileReference; lastKnownFileType = file.storyboard; name = Base; path = Base.lproj/LaunchScreen.storyboard; sourceTree = "<group>"; };
		C57DE8AE206F6CD80002CA6D /* Info.plist */ = {isa = PBXFileReference; lastKnownFileType = text.plist.xml; path = Info.plist; sourceTree = "<group>"; };
		C57DE8B3206F6CD80002CA6D /* testTests.xctest */ = {isa = PBXFileReference; explicitFileType = wrapper.cfbundle; includeInIndex = 0; path = testTests.xctest; sourceTree = BUILT_PRODUCTS_DIR; };
		C57DE8B7206F6CD80002CA6D /* testTests.swift */ = {isa = PBXFileReference; lastKnownFileType = sourcecode.swift; path = testTests.swift; sourceTree = "<group>"; };
		C57DE8B9206F6CD80002CA6D /* Info.plist */ = {isa = PBXFileReference; lastKnownFileType = text.plist.xml; path = Info.plist; sourceTree = "<group>"; };
/* End PBXFileReference section */

/* Begin PBXFrameworksBuildPhase section */
		C57DE89C206F6CD80002CA6D /* Frameworks */ = {
			isa = PBXFrameworksBuildPhase;
			buildActionMask = 2147483647;
			files = (
				C578324D206F702D00584A8A /* OLEModalStatus.framework in Frameworks */,
			);
			runOnlyForDeploymentPostprocessing = 0;
		};
		C57DE8B0206F6CD80002CA6D /* Frameworks */ = {
			isa = PBXFrameworksBuildPhase;
			buildActionMask = 2147483647;
			files = (
			);
			runOnlyForDeploymentPostprocessing = 0;
		};
/* End PBXFrameworksBuildPhase section */

/* Begin PBXGroup section */
		C5783245206F700300584A8A /* Products */ = {
			isa = PBXGroup;
			children = (
				C578324A206F700300584A8A /* OLEModalStatus.framework */,
				C578324C206F700300584A8A /* OLEModalStatusTests.xctest */,
			);
			name = Products;
			sourceTree = "<group>";
		};
		C57DE896206F6CD80002CA6D = {
			isa = PBXGroup;
			children = (
				C5783244206F700300584A8A /* OLEModalStatus.xcodeproj */,
				C57DE8A1206F6CD80002CA6D /* test */,
				C57DE8B6206F6CD80002CA6D /* testTests */,
				C57DE8A0206F6CD80002CA6D /* Products */,
				C57DE8DD206F6EC60002CA6D /* Frameworks */,
			);
			sourceTree = "<group>";
		};
		C57DE8A0206F6CD80002CA6D /* Products */ = {
			isa = PBXGroup;
			children = (
				C57DE89F206F6CD80002CA6D /* test.app */,
				C57DE8B3206F6CD80002CA6D /* testTests.xctest */,
			);
			name = Products;
			sourceTree = "<group>";
		};
		C57DE8A1206F6CD80002CA6D /* test */ = {
			isa = PBXGroup;
			children = (
				C57DE8A2206F6CD80002CA6D /* AppDelegate.swift */,
				C57DE8A4206F6CD80002CA6D /* ViewController.swift */,
				C57DE8A6206F6CD80002CA6D /* Main.storyboard */,
				C57DE8A9206F6CD80002CA6D /* Assets.xcassets */,
				C57DE8AB206F6CD80002CA6D /* LaunchScreen.storyboard */,
				C57DE8AE206F6CD80002CA6D /* Info.plist */,
			);
			path = test;
			sourceTree = "<group>";
		};
		C57DE8B6206F6CD80002CA6D /* testTests */ = {
			isa = PBXGroup;
			children = (
				C57DE8B7206F6CD80002CA6D /* testTests.swift */,
				C57DE8B9206F6CD80002CA6D /* Info.plist */,
			);
			path = testTests;
			sourceTree = "<group>";
		};
		C57DE8DD206F6EC60002CA6D /* Frameworks */ = {
			isa = PBXGroup;
			children = (
			);
			name = Frameworks;
			sourceTree = "<group>";
		};
/* End PBXGroup section */

/* Begin PBXNativeTarget section */
		C57DE89E206F6CD80002CA6D /* test */ = {
			isa = PBXNativeTarget;
			buildConfigurationList = C57DE8BC206F6CD80002CA6D /* Build configuration list for PBXNativeTarget "test" */;
			buildPhases = (
				C57DE89B206F6CD80002CA6D /* Sources */,
				C57DE89C206F6CD80002CA6D /* Frameworks */,
				C57DE89D206F6CD80002CA6D /* Resources */,
				C5783251206F702D00584A8A /* Embed Frameworks */,
			);
			buildRules = (
			);
			dependencies = (
				C5783250206F702D00584A8A /* PBXTargetDependency */,
			);
			name = test;
			productName = test;
			productReference = C57DE89F206F6CD80002CA6D /* test.app */;
			productType = "com.apple.product-type.application";
		};
		C57DE8B2206F6CD80002CA6D /* testTests */ = {
			isa = PBXNativeTarget;
			buildConfigurationList = C57DE8BF206F6CD80002CA6D /* Build configuration list for PBXNativeTarget "testTests" */;
			buildPhases = (
				C57DE8AF206F6CD80002CA6D /* Sources */,
				C57DE8B0206F6CD80002CA6D /* Frameworks */,
				C57DE8B1206F6CD80002CA6D /* Resources */,
			);
			buildRules = (
			);
			dependencies = (
				C57DE8B5206F6CD80002CA6D /* PBXTargetDependency */,
			);
			name = testTests;
			productName = testTests;
			productReference = C57DE8B3206F6CD80002CA6D /* testTests.xctest */;
			productType = "com.apple.product-type.bundle.unit-test";
		};
/* End PBXNativeTarget section */

/* Begin PBXProject section */
		C57DE897206F6CD80002CA6D /* Project object */ = {
			isa = PBXProject;
			attributes = {
				LastSwiftUpdateCheck = 0920;
				LastUpgradeCheck = 0920;
				ORGANIZATIONNAME = "Son Nguyen";
				TargetAttributes = {
					C57DE89E206F6CD80002CA6D = {
						CreatedOnToolsVersion = 9.2;
						ProvisioningStyle = Automatic;
					};
					C57DE8B2206F6CD80002CA6D = {
						CreatedOnToolsVersion = 9.2;
						ProvisioningStyle = Automatic;
						TestTargetID = C57DE89E206F6CD80002CA6D;
					};
				};
			};
			buildConfigurationList = C57DE89A206F6CD80002CA6D /* Build configuration list for PBXProject "test" */;
			compatibilityVersion = "Xcode 8.0";
			developmentRegion = en;
			hasScannedForEncodings = 0;
			knownRegions = (
				en,
				Base,
			);
			mainGroup = C57DE896206F6CD80002CA6D;
			productRefGroup = C57DE8A0206F6CD80002CA6D /* Products */;
			projectDirPath = "";
			projectReferences = (
				{
					ProductGroup = C5783245206F700300584A8A /* Products */;
					ProjectRef = C5783244206F700300584A8A /* OLEModalStatus.xcodeproj */;
				},
			);
			projectRoot = "";
			targets = (
				C57DE89E206F6CD80002CA6D /* test */,
				C57DE8B2206F6CD80002CA6D /* testTests */,
			);
		};
/* End PBXProject section */

/* Begin PBXReferenceProxy section */
		C578324A206F700300584A8A /* OLEModalStatus.framework */ = {
			isa = PBXReferenceProxy;
			fileType = wrapper.framework;
			path = OLEModalStatus.framework;
			remoteRef = C5783249206F700300584A8A /* PBXContainerItemProxy */;
			sourceTree = BUILT_PRODUCTS_DIR;
		};
		C578324C206F700300584A8A /* OLEModalStatusTests.xctest */ = {
			isa = PBXReferenceProxy;
			fileType = wrapper.cfbundle;
			path = OLEModalStatusTests.xctest;
			remoteRef = C578324B206F700300584A8A /* PBXContainerItemProxy */;
			sourceTree = BUILT_PRODUCTS_DIR;
		};
/* End PBXReferenceProxy section */

/* Begin PBXResourcesBuildPhase section */
		C57DE89D206F6CD80002CA6D /* Resources */ = {
			isa = PBXResourcesBuildPhase;
			buildActionMask = 2147483647;
			files = (
				C57DE8AD206F6CD80002CA6D /* LaunchScreen.storyboard in Resources */,
				C57DE8AA206F6CD80002CA6D /* Assets.xcassets in Resources */,
				C57DE8A8206F6CD80002CA6D /* Main.storyboard in Resources */,
			);
			runOnlyForDeploymentPostprocessing = 0;
		};
		C57DE8B1206F6CD80002CA6D /* Resources */ = {
			isa = PBXResourcesBuildPhase;
			buildActionMask = 2147483647;
			files = (
			);
			runOnlyForDeploymentPostprocessing = 0;
		};
/* End PBXResourcesBuildPhase section */

/* Begin PBXSourcesBuildPhase section */
		C57DE89B206F6CD80002CA6D /* Sources */ = {
			isa = PBXSourcesBuildPhase;
			buildActionMask = 2147483647;
			files = (
				C57DE8A5206F6CD80002CA6D /* ViewController.swift in Sources */,
				C57DE8A3206F6CD80002CA6D /* AppDelegate.swift in Sources */,
			);
			runOnlyForDeploymentPostprocessing = 0;
		};
		C57DE8AF206F6CD80002CA6D /* Sources */ = {
			isa = PBXSourcesBuildPhase;
			buildActionMask = 2147483647;
			files = (
				C57DE8B8206F6CD80002CA6D /* testTests.swift in Sources */,
			);
			runOnlyForDeploymentPostprocessing = 0;
		};
/* End PBXSourcesBuildPhase section */

/* Begin PBXTargetDependency section */
		C5783250206F702D00584A8A /* PBXTargetDependency */ = {
			isa = PBXTargetDependency;
			name = OLEModalStatus;
			targetProxy = C578324F206F702D00584A8A /* PBXContainerItemProxy */;
		};
		C57DE8B5206F6CD80002CA6D /* PBXTargetDependency */ = {
			isa = PBXTargetDependency;
			target = C57DE89E206F6CD80002CA6D /* test */;
			targetProxy = C57DE8B4206F6CD80002CA6D /* PBXContainerItemProxy */;
		};
/* End PBXTargetDependency section */

/* Begin PBXVariantGroup section */
		C57DE8A6206F6CD80002CA6D /* Main.storyboard */ = {
			isa = PBXVariantGroup;
			children = (
				C57DE8A7206F6CD80002CA6D /* Base */,
			);
			name = Main.storyboard;
			sourceTree = "<group>";
		};
		C57DE8AB206F6CD80002CA6D /* LaunchScreen.storyboard */ = {
			isa = PBXVariantGroup;
			children = (
				C57DE8AC206F6CD80002CA6D /* Base */,
			);
			name = LaunchScreen.storyboard;
			sourceTree = "<group>";
		};
/* End PBXVariantGroup section */

/* Begin XCBuildConfiguration section */
		C57DE8BA206F6CD80002CA6D /* Debug */ = {
			isa = XCBuildConfiguration;
			buildSettings = {
				ALWAYS_SEARCH_USER_PATHS = NO;
				CLANG_ANALYZER_NONNULL = YES;
				CLANG_ANALYZER_NUMBER_OBJECT_CONVERSION = YES_AGGRESSIVE;
				CLANG_CXX_LANGUAGE_STANDARD = "gnu++14";
				CLANG_CXX_LIBRARY = "libc++";
				CLANG_ENABLE_MODULES = YES;
				CLANG_ENABLE_OBJC_ARC = YES;
				CLANG_WARN_BLOCK_CAPTURE_AUTORELEASING = YES;
				CLANG_WARN_BOOL_CONVERSION = YES;
				CLANG_WARN_COMMA = YES;
				CLANG_WARN_CONSTANT_CONVERSION = YES;
				CLANG_WARN_DIRECT_OBJC_ISA_USAGE = YES_ERROR;
				CLANG_WARN_DOCUMENTATION_COMMENTS = YES;
				CLANG_WARN_EMPTY_BODY = YES;
				CLANG_WARN_ENUM_CONVERSION = YES;
				CLANG_WARN_INFINITE_RECURSION = YES;
				CLANG_WARN_INT_CONVERSION = YES;
				CLANG_WARN_NON_LITERAL_NULL_CONVERSION = YES;
				CLANG_WARN_OBJC_LITERAL_CONVERSION = YES;
				CLANG_WARN_OBJC_ROOT_CLASS = YES_ERROR;
				CLANG_WARN_RANGE_LOOP_ANALYSIS = YES;
				CLANG_WARN_STRICT_PROTOTYPES = YES;
				CLANG_WARN_SUSPICIOUS_MOVE = YES;
				CLANG_WARN_UNGUARDED_AVAILABILITY = YES_AGGRESSIVE;
				CLANG_WARN_UNREACHABLE_CODE = YES;
				CLANG_WARN__DUPLICATE_METHOD_MATCH = YES;
				CODE_SIGN_IDENTITY = "iPhone Developer";
				COPY_PHASE_STRIP = NO;
				DEBUG_INFORMATION_FORMAT = dwarf;
				ENABLE_STRICT_OBJC_MSGSEND = YES;
				ENABLE_TESTABILITY = YES;
				GCC_C_LANGUAGE_STANDARD = gnu11;
				GCC_DYNAMIC_NO_PIC = NO;
				GCC_NO_COMMON_BLOCKS = YES;
				GCC_OPTIMIZATION_LEVEL = 0;
				GCC_PREPROCESSOR_DEFINITIONS = (
					"DEBUG=1",
					"$(inherited)",
				);
				GCC_WARN_64_TO_32_BIT_CONVERSION = YES;
				GCC_WARN_ABOUT_RETURN_TYPE = YES_ERROR;
				GCC_WARN_UNDECLARED_SELECTOR = YES;
				GCC_WARN_UNINITIALIZED_AUTOS = YES_AGGRESSIVE;
				GCC_WARN_UNUSED_FUNCTION = YES;
				GCC_WARN_UNUSED_VARIABLE = YES;
				IPHONEOS_DEPLOYMENT_TARGET = 11.2;
				MTL_ENABLE_DEBUG_INFO = YES;
				ONLY_ACTIVE_ARCH = YES;
				SDKROOT = iphoneos;
				SWIFT_ACTIVE_COMPILATION_CONDITIONS = DEBUG;
				SWIFT_OPTIMIZATION_LEVEL = "-Onone";
			};
			name = Debug;
		};
		C57DE8BB206F6CD80002CA6D /* Release */ = {
			isa = XCBuildConfiguration;
			buildSettings = {
				ALWAYS_SEARCH_USER_PATHS = NO;
				CLANG_ANALYZER_NONNULL = YES;
				CLANG_ANALYZER_NUMBER_OBJECT_CONVERSION = YES_AGGRESSIVE;
				CLANG_CXX_LANGUAGE_STANDARD = "gnu++14";
				CLANG_CXX_LIBRARY = "libc++";
				CLANG_ENABLE_MODULES = YES;
				CLANG_ENABLE_OBJC_ARC = YES;
				CLANG_WARN_BLOCK_CAPTURE_AUTORELEASING = YES;
				CLANG_WARN_BOOL_CONVERSION = YES;
				CLANG_WARN_COMMA = YES;
				CLANG_WARN_CONSTANT_CONVERSION = YES;
				CLANG_WARN_DIRECT_OBJC_ISA_USAGE = YES_ERROR;
				CLANG_WARN_DOCUMENTATION_COMMENTS = YES;
				CLANG_WARN_EMPTY_BODY = YES;
				CLANG_WARN_ENUM_CONVERSION = YES;
				CLANG_WARN_INFINITE_RECURSION = YES;
				CLANG_WARN_INT_CONVERSION = YES;
				CLANG_WARN_NON_LITERAL_NULL_CONVERSION = YES;
				CLANG_WARN_OBJC_LITERAL_CONVERSION = YES;
				CLANG_WARN_OBJC_ROOT_CLASS = YES_ERROR;
				CLANG_WARN_RANGE_LOOP_ANALYSIS = YES;
				CLANG_WARN_STRICT_PROTOTYPES = YES;
				CLANG_WARN_SUSPICIOUS_MOVE = YES;
				CLANG_WARN_UNGUARDED_AVAILABILITY = YES_AGGRESSIVE;
				CLANG_WARN_UNREACHABLE_CODE = YES;
				CLANG_WARN__DUPLICATE_METHOD_MATCH = YES;
				CODE_SIGN_IDENTITY = "iPhone Developer";
				COPY_PHASE_STRIP = NO;
				DEBUG_INFORMATION_FORMAT = "dwarf-with-dsym";
				ENABLE_NS_ASSERTIONS = NO;
				ENABLE_STRICT_OBJC_MSGSEND = YES;
				GCC_C_LANGUAGE_STANDARD = gnu11;
				GCC_NO_COMMON_BLOCKS = YES;
				GCC_WARN_64_TO_32_BIT_CONVERSION = YES;
				GCC_WARN_ABOUT_RETURN_TYPE = YES_ERROR;
				GCC_WARN_UNDECLARED_SELECTOR = YES;
				GCC_WARN_UNINITIALIZED_AUTOS = YES_AGGRESSIVE;
				GCC_WARN_UNUSED_FUNCTION = YES;
				GCC_WARN_UNUSED_VARIABLE = YES;
				IPHONEOS_DEPLOYMENT_TARGET = 11.2;
				MTL_ENABLE_DEBUG_INFO = NO;
				SDKROOT = iphoneos;
				SWIFT_OPTIMIZATION_LEVEL = "-Owholemodule";
				VALIDATE_PRODUCT = YES;
			};
			name = Release;
		};
		C57DE8BD206F6CD80002CA6D /* Debug */ = {
			isa = XCBuildConfiguration;
			buildSettings = {
				ALWAYS_EMBED_SWIFT_STANDARD_LIBRARIES = YES;
				ASSETCATALOG_COMPILER_APPICON_NAME = AppIcon;
				CODE_SIGN_STYLE = Automatic;
				INFOPLIST_FILE = test/Info.plist;
				LD_RUNPATH_SEARCH_PATHS = "$(inherited) @executable_path/Frameworks";
				PRODUCT_BUNDLE_IDENTIFIER = com.ole.test;
				PRODUCT_NAME = "$(TARGET_NAME)";
				SWIFT_VERSION = 4.0;
				TARGETED_DEVICE_FAMILY = "1,2";
			};
			name = Debug;
		};
		C57DE8BE206F6CD80002CA6D /* Release */ = {
			isa = XCBuildConfiguration;
			buildSettings = {
				ALWAYS_EMBED_SWIFT_STANDARD_LIBRARIES = YES;
				ASSETCATALOG_COMPILER_APPICON_NAME = AppIcon;
				CODE_SIGN_STYLE = Automatic;
				INFOPLIST_FILE = test/Info.plist;
				LD_RUNPATH_SEARCH_PATHS = "$(inherited) @executable_path/Frameworks";
				PRODUCT_BUNDLE_IDENTIFIER = com.ole.test;
				PRODUCT_NAME = "$(TARGET_NAME)";
				SWIFT_VERSION = 4.0;
				TARGETED_DEVICE_FAMILY = "1,2";
			};
			name = Release;
		};
		C57DE8C0206F6CD80002CA6D /* Debug */ = {
			isa = XCBuildConfiguration;
			buildSettings = {
				ALWAYS_EMBED_SWIFT_STANDARD_LIBRARIES = YES;
				BUNDLE_LOADER = "$(TEST_HOST)";
				CODE_SIGN_STYLE = Automatic;
				INFOPLIST_FILE = testTests/Info.plist;
				LD_RUNPATH_SEARCH_PATHS = "$(inherited) @executable_path/Frameworks @loader_path/Frameworks";
				PRODUCT_BUNDLE_IDENTIFIER = com.ole.testTests;
				PRODUCT_NAME = "$(TARGET_NAME)";
				SWIFT_VERSION = 4.0;
				TARGETED_DEVICE_FAMILY = "1,2";
				TEST_HOST = "$(BUILT_PRODUCTS_DIR)/test.app/test";
			};
			name = Debug;
		};
		C57DE8C1206F6CD80002CA6D /* Release */ = {
			isa = XCBuildConfiguration;
			buildSettings = {
				ALWAYS_EMBED_SWIFT_STANDARD_LIBRARIES = YES;
				BUNDLE_LOADER = "$(TEST_HOST)";
				CODE_SIGN_STYLE = Automatic;
				INFOPLIST_FILE = testTests/Info.plist;
				LD_RUNPATH_SEARCH_PATHS = "$(inherited) @executable_path/Frameworks @loader_path/Frameworks";
				PRODUCT_BUNDLE_IDENTIFIER = com.ole.testTests;
				PRODUCT_NAME = "$(TARGET_NAME)";
				SWIFT_VERSION = 4.0;
				TARGETED_DEVICE_FAMILY = "1,2";
				TEST_HOST = "$(BUILT_PRODUCTS_DIR)/test.app/test";
			};
			name = Release;
		};
/* End XCBuildConfiguration section */

/* Begin XCConfigurationList section */
		C57DE89A206F6CD80002CA6D /* Build configuration list for PBXProject "test" */ = {
			isa = XCConfigurationList;
			buildConfigurations = (
				C57DE8BA206F6CD80002CA6D /* Debug */,
				C57DE8BB206F6CD80002CA6D /* Release */,
			);
			defaultConfigurationIsVisible = 0;
			defaultConfigurationName = Release;
		};
		C57DE8BC206F6CD80002CA6D /* Build configuration list for PBXNativeTarget "test" */ = {
			isa = XCConfigurationList;
			buildConfigurations = (
				C57DE8BD206F6CD80002CA6D /* Debug */,
				C57DE8BE206F6CD80002CA6D /* Release */,
			);
			defaultConfigurationIsVisible = 0;
			defaultConfigurationName = Release;
		};
		C57DE8BF206F6CD80002CA6D /* Build configuration list for PBXNativeTarget "testTests" */ = {
			isa = XCConfigurationList;
			buildConfigurations = (
				C57DE8C0206F6CD80002CA6D /* Debug */,
				C57DE8C1206F6CD80002CA6D /* Release */,
			);
			defaultConfigurationIsVisible = 0;
			defaultConfigurationName = Release;
		};
/* End XCConfigurationList section */
	};
	rootObject = C57DE897206F6CD80002CA6D /* Project object */;
}
